
Microsoft Visual Studio Solution File, Format Version 12.00
# Visual Studio Version 16
VisualStudioVersion = 16.0.30128.74
MinimumVisualStudioVersion = 10.0.40219.1
Project("{FAE04EC0-301F-11D3-BF4B-00C04F79EFBC}") = "AssemblyDemo", "AssemblyDemo\AssemblyDemo.csproj", "{18248E76-004F-4604-A111-106F621F44E6}"
EndProject
Project("{FAE04EC0-301F-11D3-BF4B-00C04F79EFBC}") = "AssemblyAttrDemo", "AssemblyAttrDemo\AssemblyAttrDemo.csproj", "{FD506ECF-70CC-4D13-BAB4-0BA30DB9F1D5}"
EndProject
Global
	GlobalSection(SolutionConfigurationPlatforms) = preSolution
		Debug|Any CPU = Debug|Any CPU
		Release|Any CPU = Release|Any CPU
	EndGlobalSection
	GlobalSection(ProjectConfigurationPlatforms) = postSolution
		{18248E76-004F-4604-A111-106F621F44E6}.Debug|Any CPU.ActiveCfg = Debug|Any CPU
		{18248E76-004F-4604-A111-106F621F44E6}.Debug|Any CPU.Build.0 = Debug|Any CPU
		{18248E76-004F-4604-A111-106F621F44E6}.Release|Any CPU.ActiveCfg = Release|Any CPU
		{18248E76-004F-4604-A111-106F621F44E6}.Release|Any CPU.Build.0 = Release|Any CPU
		{FD506ECF-70CC-4D13-BAB4-0BA30DB9F1D5}.Debug|Any CPU.ActiveCfg = Debug|Any CPU
		{FD506ECF-70CC-4D13-BAB4-0BA30DB9F1D5}.Debug|Any CPU.Build.0 = Debug|Any CPU
		{FD506ECF-70CC-4D13-BAB4-0BA30DB9F1D5}.Release|Any CPU.ActiveCfg = Release|Any CPU
		{FD506ECF-70CC-4D13-BAB4-0BA30DB9F1D5}.Release|Any CPU.Build.0 = Release|Any CPU
	EndGlobalSection
	GlobalSection(SolutionProperties) = preSolution
		HideSolutionNode = FALSE
	EndGlobalSection
	GlobalSection(ExtensibilityGlobals) = postSolution
		SolutionGuid = {96C0E583-F545-4685-94FF-14E97960521C}
	EndGlobalSection
EndGlobal
